{
    "_readme": [
        "This file locks the dependencies of your project to a known state",
        "Read more about it at https://getcomposer.org/doc/01-basic-usage.md#installing-dependencies",
        "This file is @generated automatically"
    ],
    "content-hash": "da90ce3909caf470ebe50d2dded9d3f8",
    "packages": [
        {
            "name": "orhanerday/open-ai",
            "version": "2.2",
            "source": {
                "type": "git",
                "url": "https://github.com/orhanerday/open-ai.git",
                "reference": "30ee40458a869f8570ae3078ecd176518ccf7095"
            },
            "dist": {
                "type": "zip",
                "url": "https://api.github.com/repos/orhanerday/open-ai/zipball/30ee40458a869f8570ae3078ecd176518ccf7095",
                "reference": "30ee40458a869f8570ae3078ecd176518ccf7095",
                "shasum": ""
            },
            "require": {
                "ext-curl": "*",
                "ext-json": "*",
                "php": ">=7.4"
            },
            "require-dev": {
                "friendsofphp/php-cs-fixer": "^3.0",
                "pestphp/pest": "^1.20",
                "spatie/ray": "^1.28"
            },
            "type": "library",
            "autoload": {
                "psr-4": {
                    "Orhanerday\\OpenAi\\": "src"
                }
            },
            "notification-url": "https://packagist.org/downloads/",
            "license": [
                "MIT"
            ],
            "authors": [
                {
                    "name": "Orhan Erday",
                    "email": "orhanerday@gmail.com",
                    "role": "Developer"
                }
            ],
            "description": "OpenAI GPT-3 Api Client in PHP",
            "homepage": "https://github.com/orhanerday/open-ai",
            "keywords": [
                "open-ai",
                "orhanerday"
            ],
            "support": {
                "issues": "https://github.com/orhanerday/open-ai/issues",
                "source": "https://github.com/orhanerday/open-ai/tree/2.2"
            },
            "funding": [
                {
                    "url": "https://github.com/orhanerday",
                    "type": "github"
                }
            ],
            "time": "2022-09-15T12:29:59+00:00"
        },
        {
            "name": "psr/log",
            "version": "3.0.0",
            "source": {
                "type": "git",
                "url": "https://github.com/php-fig/log.git",
                "reference": "fe5ea303b0887d5caefd3d431c3e61ad47037001"
            },
            "dist": {
                "type": "zip",
                "url": "https://api.github.com/repos/php-fig/log/zipball/fe5ea303b0887d5caefd3d431c3e61ad47037001",
                "reference": "fe5ea303b0887d5caefd3d431c3e61ad47037001",
                "shasum": ""
            },
            "require": {
                "php": ">=8.0.0"
            },
            "type": "library",
            "extra": {
                "branch-alias": {
                    "dev-master": "3.x-dev"
                }
            },
            "autoload": {
                "psr-4": {
                    "Psr\\Log\\": "src"
                }
            },
            "notification-url": "https://packagist.org/downloads/",
            "license": [
                "MIT"
            ],
            "authors": [
                {
                    "name": "PHP-FIG",
                    "homepage": "https://www.php-fig.org/"
                }
            ],
            "description": "Common interface for logging libraries",
            "homepage": "https://github.com/php-fig/log",
            "keywords": [
                "log",
                "psr",
                "psr-3"
            ],
            "support": {
                "source": "https://github.com/php-fig/log/tree/3.0.0"
            },
            "time": "2021-07-14T16:46:02+00:00"
        }
    ],
    "packages-dev": [],
    "aliases": [],
    "minimum-stability": "stable",
    "stability-flags": [],
    "prefer-stable": false,
    "prefer-lowest": false,
    "platform": [],
    "platform-dev": [],
    "plugin-api-version": "2.6.0"
}
